
Microsoft Visual Studio Solution File, Format Version 12.00
# Visual Studio Version 16
VisualStudioVersion = 16.0.30907.101
MinimumVisualStudioVersion = 10.0.40219.1
Project("{FAE04EC0-301F-11D3-BF4B-00C04F79EFBC}") = "TryParseDemo", "TryParseDemo\TryParseDemo.csproj", "{DE476691-C1CF-47AA-BD32-F0C745575BC3}"
EndProject
Global
	GlobalSection(SolutionConfigurationPlatforms) = preSolution
		Debug|Any CPU = Debug|Any CPU
		Release|Any CPU = Release|Any CPU
	EndGlobalSection
	GlobalSection(ProjectConfigurationPlatforms) = postSolution
		{DE476691-C1CF-47AA-BD32-F0C745575BC3}.Debug|Any CPU.ActiveCfg = Debug|Any CPU
		{DE476691-C1CF-47AA-BD32-F0C745575BC3}.Debug|Any CPU.Build.0 = Debug|Any CPU
		{DE476691-C1CF-47AA-BD32-F0C745575BC3}.Release|Any CPU.ActiveCfg = Release|Any CPU
		{DE476691-C1CF-47AA-BD32-F0C745575BC3}.Release|Any CPU.Build.0 = Release|Any CPU
	EndGlobalSection
	GlobalSection(SolutionProperties) = preSolution
		HideSolutionNode = FALSE
	EndGlobalSection
	GlobalSection(ExtensibilityGlobals) = postSolution
		SolutionGuid = {32D92D40-7CDF-4727-AC7D-A8F9363989C9}
	EndGlobalSection
EndGlobal
